
Microsoft Visual Studio Solution File, Format Version 12.00
# Visual Studio 15
VisualStudioVersion = 15.0.25807.0
MinimumVisualStudioVersion = 10.0.40219.1
Project("{2150E333-8FDC-42A3-9474-1A3956D46DE8}") = "Engine", "Engine", "{A4BB8F0D-D072-467E-955B-4FAB4434FA7C}"
EndProject
Project("{2150E333-8FDC-42A3-9474-1A3956D46DE8}") = "Games", "Games", "{010C935F-305E-48DE-BB76-506B9229C8C0}"
EndProject
Project("{8BC9CEB8-8B4A-11D0-8D11-00A0C91BC942}") = "UE4", "Intermediate\ProjectFiles\UE4.vcxproj", "{EA156F5B-548E-4391-BF2F-197EBBAE54D2}"
EndProject
Project("{8BC9CEB8-8B4A-11D0-8D11-00A0C91BC942}") = "test", "Intermediate\ProjectFiles\test.vcxproj", "{19B8544F-0B11-436D-8069-25767FE9B70A}"
EndProject
Global
	GlobalSection(SolutionConfigurationPlatforms) = preSolution
		DebugGame Editor|HTML5 = DebugGame Editor|HTML5
		DebugGame Editor|Win32 = DebugGame Editor|Win32
		DebugGame Editor|Win64 = DebugGame Editor|Win64
		DebugGame|HTML5 = DebugGame|HTML5
		DebugGame|Win32 = DebugGame|Win32
		DebugGame|Win64 = DebugGame|Win64
		Development Editor|HTML5 = Development Editor|HTML5
		Development Editor|Win32 = Development Editor|Win32
		Development Editor|Win64 = Development Editor|Win64
		Development|HTML5 = Development|HTML5
		Development|Win32 = Development|Win32
		Development|Win64 = Development|Win64
		Shipping|HTML5 = Shipping|HTML5
		Shipping|Win32 = Shipping|Win32
		Shipping|Win64 = Shipping|Win64
	EndGlobalSection
	GlobalSection(ProjectConfigurationPlatforms) = postSolution
		{EA156F5B-548E-4391-BF2F-197EBBAE54D2}.DebugGame Editor|HTML5.ActiveCfg = BuiltWithUnrealBuildTool|Win32
		{EA156F5B-548E-4391-BF2F-197EBBAE54D2}.DebugGame Editor|HTML5.Build.0 = BuiltWithUnrealBuildTool|Win32
		{EA156F5B-548E-4391-BF2F-197EBBAE54D2}.DebugGame Editor|Win32.ActiveCfg = BuiltWithUnrealBuildTool|Win32
		{EA156F5B-548E-4391-BF2F-197EBBAE54D2}.DebugGame Editor|Win32.Build.0 = BuiltWithUnrealBuildTool|Win32
		{EA156F5B-548E-4391-BF2F-197EBBAE54D2}.DebugGame Editor|Win64.ActiveCfg = BuiltWithUnrealBuildTool|Win32
		{EA156F5B-548E-4391-BF2F-197EBBAE54D2}.DebugGame Editor|Win64.Build.0 = BuiltWithUnrealBuildTool|Win32
		{EA156F5B-548E-4391-BF2F-197EBBAE54D2}.DebugGame|HTML5.ActiveCfg = BuiltWithUnrealBuildTool|Win32
		{EA156F5B-548E-4391-BF2F-197EBBAE54D2}.DebugGame|HTML5.Build.0 = BuiltWithUnrealBuildTool|Win32
		{EA156F5B-548E-4391-BF2F-197EBBAE54D2}.DebugGame|Win32.ActiveCfg = BuiltWithUnrealBuildTool|Win32
		{EA156F5B-548E-4391-BF2F-197EBBAE54D2}.DebugGame|Win32.Build.0 = BuiltWithUnrealBuildTool|Win32
		{EA156F5B-548E-4391-BF2F-197EBBAE54D2}.DebugGame|Win64.ActiveCfg = BuiltWithUnrealBuildTool|Win32
		{EA156F5B-548E-4391-BF2F-197EBBAE54D2}.DebugGame|Win64.Build.0 = BuiltWithUnrealBuildTool|Win32
		{EA156F5B-548E-4391-BF2F-197EBBAE54D2}.Development Editor|HTML5.ActiveCfg = BuiltWithUnrealBuildTool|Win32
		{EA156F5B-548E-4391-BF2F-197EBBAE54D2}.Development Editor|HTML5.Build.0 = BuiltWithUnrealBuildTool|Win32
		{EA156F5B-548E-4391-BF2F-197EBBAE54D2}.Development Editor|Win32.ActiveCfg = BuiltWithUnrealBuildTool|Win32
		{EA156F5B-548E-4391-BF2F-197EBBAE54D2}.Development Editor|Win32.Build.0 = BuiltWithUnrealBuildTool|Win32
		{EA156F5B-548E-4391-BF2F-197EBBAE54D2}.Development Editor|Win64.ActiveCfg = BuiltWithUnrealBuildTool|Win32
		{EA156F5B-548E-4391-BF2F-197EBBAE54D2}.Development Editor|Win64.Build.0 = BuiltWithUnrealBuildTool|Win32
		{EA156F5B-548E-4391-BF2F-197EBBAE54D2}.Development|HTML5.ActiveCfg = BuiltWithUnrealBuildTool|Win32
		{EA156F5B-548E-4391-BF2F-197EBBAE54D2}.Development|HTML5.Build.0 = BuiltWithUnrealBuildTool|Win32
		{EA156F5B-548E-4391-BF2F-197EBBAE54D2}.Development|Win32.ActiveCfg = BuiltWithUnrealBuildTool|Win32
		{EA156F5B-548E-4391-BF2F-197EBBAE54D2}.Development|Win32.Build.0 = BuiltWithUnrealBuildTool|Win32
		{EA156F5B-548E-4391-BF2F-197EBBAE54D2}.Development|Win64.ActiveCfg = BuiltWithUnrealBuildTool|Win32
		{EA156F5B-548E-4391-BF2F-197EBBAE54D2}.Development|Win64.Build.0 = BuiltWithUnrealBuildTool|Win32
		{EA156F5B-548E-4391-BF2F-197EBBAE54D2}.Shipping|HTML5.ActiveCfg = BuiltWithUnrealBuildTool|Win32
		{EA156F5B-548E-4391-BF2F-197EBBAE54D2}.Shipping|HTML5.Build.0 = BuiltWithUnrealBuildTool|Win32
		{EA156F5B-548E-4391-BF2F-197EBBAE54D2}.Shipping|Win32.ActiveCfg = BuiltWithUnrealBuildTool|Win32
		{EA156F5B-548E-4391-BF2F-197EBBAE54D2}.Shipping|Win32.Build.0 = BuiltWithUnrealBuildTool|Win32
		{EA156F5B-548E-4391-BF2F-197EBBAE54D2}.Shipping|Win64.ActiveCfg = BuiltWithUnrealBuildTool|Win32
		{EA156F5B-548E-4391-BF2F-197EBBAE54D2}.Shipping|Win64.Build.0 = BuiltWithUnrealBuildTool|Win32
		{19B8544F-0B11-436D-8069-25767FE9B70A}.DebugGame Editor|HTML5.ActiveCfg = HTML5_DebugGame_Editor|Win32
		{19B8544F-0B11-436D-8069-25767FE9B70A}.DebugGame Editor|Win32.ActiveCfg = DebugGame_Editor|Win32
		{19B8544F-0B11-436D-8069-25767FE9B70A}.DebugGame Editor|Win64.ActiveCfg = DebugGame_Editor|x64
		{19B8544F-0B11-436D-8069-25767FE9B70A}.DebugGame Editor|Win64.Build.0 = DebugGame_Editor|x64
		{19B8544F-0B11-436D-8069-25767FE9B70A}.DebugGame|HTML5.ActiveCfg = HTML5_DebugGame_Game|Win32
		{19B8544F-0B11-436D-8069-25767FE9B70A}.DebugGame|HTML5.Build.0 = HTML5_DebugGame_Game|Win32
		{19B8544F-0B11-436D-8069-25767FE9B70A}.DebugGame|Win32.ActiveCfg = DebugGame_Game|Win32
		{19B8544F-0B11-436D-8069-25767FE9B70A}.DebugGame|Win32.Build.0 = DebugGame_Game|Win32
		{19B8544F-0B11-436D-8069-25767FE9B70A}.DebugGame|Win64.ActiveCfg = DebugGame_Game|x64
		{19B8544F-0B11-436D-8069-25767FE9B70A}.DebugGame|Win64.Build.0 = DebugGame_Game|x64
		{19B8544F-0B11-436D-8069-25767FE9B70A}.Development Editor|HTML5.ActiveCfg = HTML5_Development_Editor|Win32
		{19B8544F-0B11-436D-8069-25767FE9B70A}.Development Editor|Win32.ActiveCfg = Development_Editor|Win32
		{19B8544F-0B11-436D-8069-25767FE9B70A}.Development Editor|Win64.ActiveCfg = Development_Editor|x64
		{19B8544F-0B11-436D-8069-25767FE9B70A}.Development Editor|Win64.Build.0 = Development_Editor|x64
		{19B8544F-0B11-436D-8069-25767FE9B70A}.Development|HTML5.ActiveCfg = HTML5_Development_Game|Win32
		{19B8544F-0B11-436D-8069-25767FE9B70A}.Development|HTML5.Build.0 = HTML5_Development_Game|Win32
		{19B8544F-0B11-436D-8069-25767FE9B70A}.Development|Win32.ActiveCfg = Development_Game|Win32
		{19B8544F-0B11-436D-8069-25767FE9B70A}.Development|Win32.Build.0 = Development_Game|Win32
		{19B8544F-0B11-436D-8069-25767FE9B70A}.Development|Win64.ActiveCfg = Development_Game|x64
		{19B8544F-0B11-436D-8069-25767FE9B70A}.Development|Win64.Build.0 = Development_Game|x64
		{19B8544F-0B11-436D-8069-25767FE9B70A}.Shipping|HTML5.ActiveCfg = HTML5_Shipping_Game|Win32
		{19B8544F-0B11-436D-8069-25767FE9B70A}.Shipping|HTML5.Build.0 = HTML5_Shipping_Game|Win32
		{19B8544F-0B11-436D-8069-25767FE9B70A}.Shipping|Win32.ActiveCfg = Shipping_Game|Win32
		{19B8544F-0B11-436D-8069-25767FE9B70A}.Shipping|Win32.Build.0 = Shipping_Game|Win32
		{19B8544F-0B11-436D-8069-25767FE9B70A}.Shipping|Win64.ActiveCfg = Shipping_Game|x64
		{19B8544F-0B11-436D-8069-25767FE9B70A}.Shipping|Win64.Build.0 = Shipping_Game|x64
	EndGlobalSection
	GlobalSection(SolutionProperties) = preSolution
		HideSolutionNode = FALSE
	EndGlobalSection
	GlobalSection(NestedProjects) = preSolution
		{EA156F5B-548E-4391-BF2F-197EBBAE54D2} = {A4BB8F0D-D072-467E-955B-4FAB4434FA7C}
		{19B8544F-0B11-436D-8069-25767FE9B70A} = {010C935F-305E-48DE-BB76-506B9229C8C0}
	EndGlobalSection
	GlobalSection(ExtensibilityGlobals) = postSolution
		SolutionGuid = {FE505A74-9F96-4845-8340-389739F5131C}
	EndGlobalSection
EndGlobal
